// !$*UTF8*$!
{
	archiveVersion = 1;
	classes = {
	};
	objectVersion = 77;
	objects = {

/* Begin PBXBuildFile section */
		B0091B4A2EE825DF0077B368 /* StateGraph in Frameworks */ = {isa = PBXBuildFile; productRef = B0091B492EE825DF0077B368 /* StateGraph */; };
		B0092E942EE873AE0077B368 /* Components.framework in Frameworks */ = {isa = PBXBuildFile; fileRef = B0092E872EE873850077B368 /* Components.framework */; platformFilter = ios; };
		B00C03192EE47DEF00FA7361 /* AsyncMultiplexImage in Frameworks */ = {isa = PBXBuildFile; productRef = B00C03182EE47DEF00FA7361 /* AsyncMultiplexImage */; };
		B00C031B2EE47DEF00FA7361 /* AsyncMultiplexImage-Nuke in Frameworks */ = {isa = PBXBuildFile; productRef = B00C031A2EE47DEF00FA7361 /* AsyncMultiplexImage-Nuke */; };
		B00CF0B12EE43A3700FA7361 /* TypedIdentifier in Frameworks */ = {isa = PBXBuildFile; productRef = B00CF0B02EE43A3700FA7361 /* TypedIdentifier */; };
		B07A2DA52EE42AE800E05A39 /* SwiftUIRingSlider in Frameworks */ = {isa = PBXBuildFile; productRef = B07A2DA42EE42AE800E05A39 /* SwiftUIRingSlider */; };
		B09F54462EFA74EA005C59D3 /* Algorithms in Frameworks */ = {isa = PBXBuildFile; productRef = B09F54452EFA74EA005C59D3 /* Algorithms */; };
		B0FAE6862EDC2500008493F1 /* YouTubeKit in Frameworks */ = {isa = PBXBuildFile; productRef = B0FAE6852EDC2500008493F1 /* YouTubeKit */; };
		B0FAE68A2EDC2600008493F1 /* YouTubePlayerKit in Frameworks */ = {isa = PBXBuildFile; productRef = B0FAE6892EDC2600008493F1 /* YouTubePlayerKit */; };
		B0FAE68C2EDC3000008493F1 /* YoutubeTranscript in Frameworks */ = {isa = PBXBuildFile; productRef = B0FAE68B2EDC3000008493F1 /* YoutubeTranscript */; };
		B0FAE6912EDC5000008493F1 /* ObjectEdge in Frameworks */ = {isa = PBXBuildFile; productRef = B0FAE6922EDC5000008493F1 /* ObjectEdge */; };
/* End PBXBuildFile section */

/* Begin PBXContainerItemProxy section */
		B0092E962EE873AF0077B368 /* PBXContainerItemProxy */ = {
			isa = PBXContainerItemProxy;
			containerPortal = B0FAE66F2EDC249B008493F1 /* Project object */;
			proxyType = 1;
			remoteGlobalIDString = B0092E862EE873850077B368;
			remoteInfo = Components;
		};
/* End PBXContainerItemProxy section */

/* Begin PBXFileReference section */
		B001C6BD2F0AC5D50004A9FE /* Info.plist */ = {isa = PBXFileReference; lastKnownFileType = text.plist.xml; path = Info.plist; sourceTree = "<group>"; };
		B0092E872EE873850077B368 /* Components.framework */ = {isa = PBXFileReference; explicitFileType = wrapper.framework; includeInIndex = 0; path = Components.framework; sourceTree = BUILT_PRODUCTS_DIR; };
		B0FAE6772EDC249B008493F1 /* Verse.app */ = {isa = PBXFileReference; explicitFileType = wrapper.application; includeInIndex = 0; path = Verse.app; sourceTree = BUILT_PRODUCTS_DIR; };
/* End PBXFileReference section */

/* Begin PBXFileSystemSynchronizedRootGroup section */
		B0092E882EE873850077B368 /* Components */ = {
			isa = PBXFileSystemSynchronizedRootGroup;
			path = Components;
			sourceTree = "<group>";
		};
		B0FAE6792EDC249B008493F1 /* YouTubeSubtitle */ = {
			isa = PBXFileSystemSynchronizedRootGroup;
			path = YouTubeSubtitle;
			sourceTree = "<group>";
		};
/* End PBXFileSystemSynchronizedRootGroup section */

/* Begin PBXFrameworksBuildPhase section */
		B0092E842EE873850077B368 /* Frameworks */ = {
			isa = PBXFrameworksBuildPhase;
			buildActionMask = 2147483647;
			files = (
			);
			runOnlyForDeploymentPostprocessing = 0;
		};
		B0FAE6742EDC249B008493F1 /* Frameworks */ = {
			isa = PBXFrameworksBuildPhase;
			buildActionMask = 2147483647;
			files = (
				B09F54462EFA74EA005C59D3 /* Algorithms in Frameworks */,
				B00C03192EE47DEF00FA7361 /* AsyncMultiplexImage in Frameworks */,
				B0091B4A2EE825DF0077B368 /* StateGraph in Frameworks */,
				B0092E942EE873AE0077B368 /* Components.framework in Frameworks */,
				B0FAE6862EDC2500008493F1 /* YouTubeKit in Frameworks */,
				B00CF0B12EE43A3700FA7361 /* TypedIdentifier in Frameworks */,
				B0FAE68A2EDC2600008493F1 /* YouTubePlayerKit in Frameworks */,
				B0FAE68C2EDC3000008493F1 /* YoutubeTranscript in Frameworks */,
				B0FAE6912EDC5000008493F1 /* ObjectEdge in Frameworks */,
				B07A2DA52EE42AE800E05A39 /* SwiftUIRingSlider in Frameworks */,
				B00C031B2EE47DEF00FA7361 /* AsyncMultiplexImage-Nuke in Frameworks */,
			);
			runOnlyForDeploymentPostprocessing = 0;
		};
/* End PBXFrameworksBuildPhase section */

/* Begin PBXGroup section */
		B0092E932EE873AE0077B368 /* Frameworks */ = {
			isa = PBXGroup;
			children = (
			);
			name = Frameworks;
			sourceTree = "<group>";
		};
		B0FAE66E2EDC249B008493F1 = {
			isa = PBXGroup;
			children = (
				B001C6BD2F0AC5D50004A9FE /* Info.plist */,
				B0FAE6792EDC249B008493F1 /* YouTubeSubtitle */,
				B0092E882EE873850077B368 /* Components */,
				B0092E932EE873AE0077B368 /* Frameworks */,
				B0FAE6782EDC249B008493F1 /* Products */,
			);
			sourceTree = "<group>";
		};
		B0FAE6782EDC249B008493F1 /* Products */ = {
			isa = PBXGroup;
			children = (
				B0FAE6772EDC249B008493F1 /* Verse.app */,
				B0092E872EE873850077B368 /* Components.framework */,
			);
			name = Products;
			sourceTree = "<group>";
		};
/* End PBXGroup section */

/* Begin PBXHeadersBuildPhase section */
		B0092E822EE873850077B368 /* Headers */ = {
			isa = PBXHeadersBuildPhase;
			buildActionMask = 2147483647;
			files = (
			);
			runOnlyForDeploymentPostprocessing = 0;
		};
/* End PBXHeadersBuildPhase section */

/* Begin PBXNativeTarget section */
		B0092E862EE873850077B368 /* Components */ = {
			isa = PBXNativeTarget;
			buildConfigurationList = B0092E8F2EE873850077B368 /* Build configuration list for PBXNativeTarget "Components" */;
			buildPhases = (
				B0092E822EE873850077B368 /* Headers */,
				B0092E832EE873850077B368 /* Sources */,
				B0092E842EE873850077B368 /* Frameworks */,
				B0092E852EE873850077B368 /* Resources */,
			);
			buildRules = (
			);
			dependencies = (
			);
			fileSystemSynchronizedGroups = (
				B0092E882EE873850077B368 /* Components */,
			);
			name = Components;
			packageProductDependencies = (
			);
			productName = Components;
			productReference = B0092E872EE873850077B368 /* Components.framework */;
			productType = "com.apple.product-type.framework";
		};
		B0FAE6762EDC249B008493F1 /* Verse */ = {
			isa = PBXNativeTarget;
			buildConfigurationList = B0FAE6822EDC249D008493F1 /* Build configuration list for PBXNativeTarget "Verse" */;
			buildPhases = (
				B0FAE6732EDC249B008493F1 /* Sources */,
				B0FAE6742EDC249B008493F1 /* Frameworks */,
				B0FAE6752EDC249B008493F1 /* Resources */,
			);
			buildRules = (
			);
			dependencies = (
				B0092E972EE873AF0077B368 /* PBXTargetDependency */,
			);
			fileSystemSynchronizedGroups = (
				B0FAE6792EDC249B008493F1 /* YouTubeSubtitle */,
			);
			name = Verse;
			packageProductDependencies = (
				B0FAE6852EDC2500008493F1 /* YouTubeKit */,
				B0FAE6892EDC2600008493F1 /* YouTubePlayerKit */,
				B0FAE68B2EDC3000008493F1 /* YoutubeTranscript */,
				B0FAE6922EDC5000008493F1 /* ObjectEdge */,
				B07A2DA42EE42AE800E05A39 /* SwiftUIRingSlider */,
				B00CF0B02EE43A3700FA7361 /* TypedIdentifier */,
				B00C03182EE47DEF00FA7361 /* AsyncMultiplexImage */,
				B00C031A2EE47DEF00FA7361 /* AsyncMultiplexImage-Nuke */,
				B0091B492EE825DF0077B368 /* StateGraph */,
				B09F54452EFA74EA005C59D3 /* Algorithms */,
			);
			productName = YouTubeSubtitle;
			productReference = B0FAE6772EDC249B008493F1 /* Verse.app */;
			productType = "com.apple.product-type.application";
		};
/* End PBXNativeTarget section */

/* Begin PBXProject section */
		B0FAE66F2EDC249B008493F1 /* Project object */ = {
			isa = PBXProject;
			attributes = {
				BuildIndependentTargetsInParallel = 1;
				LastSwiftUpdateCheck = 2610;
				LastUpgradeCheck = 2610;
				TargetAttributes = {
					B0092E862EE873850077B368 = {
						CreatedOnToolsVersion = 26.1.1;
					};
					B0FAE6762EDC249B008493F1 = {
						CreatedOnToolsVersion = 26.1.1;
					};
				};
			};
			buildConfigurationList = B0FAE6722EDC249B008493F1 /* Build configuration list for PBXProject "Verse" */;
			developmentRegion = en;
			hasScannedForEncodings = 0;
			knownRegions = (
				en,
				ja,
			);
			mainGroup = B0FAE66E2EDC249B008493F1;
			minimizedProjectReferenceProxies = 1;
			packageReferences = (
				B0FAE6872EDC2500008493F1 /* XCRemoteSwiftPackageReference "YouTubeKit" */,
				B0FAE6882EDC2600008493F1 /* XCRemoteSwiftPackageReference "YouTubePlayerKit" */,
				B0FAE68D2EDC3000008493F1 /* XCRemoteSwiftPackageReference "swift-youtube-transcript" */,
				B0FAE6932EDC5000008493F1 /* XCRemoteSwiftPackageReference "swiftui-object-edge" */,
				B07A2DA32EE42AE800E05A39 /* XCRemoteSwiftPackageReference "swiftui-ring-slider" */,
				B00CF0AF2EE43A3700FA7361 /* XCRemoteSwiftPackageReference "swift-typed-identifier" */,
				B00C03172EE47DEF00FA7361 /* XCRemoteSwiftPackageReference "swiftui-async-multiplex-image" */,
				B0091B482EE825DF0077B368 /* XCRemoteSwiftPackageReference "swift-state-graph" */,
				B09F54442EFA74EA005C59D3 /* XCRemoteSwiftPackageReference "swift-algorithms" */,
			);
			preferredProjectObjectVersion = 77;
			productRefGroup = B0FAE6782EDC249B008493F1 /* Products */;
			projectDirPath = "";
			projectRoot = "";
			targets = (
				B0FAE6762EDC249B008493F1 /* Verse */,
				B0092E862EE873850077B368 /* Components */,
			);
		};
/* End PBXProject section */

/* Begin PBXResourcesBuildPhase section */
		B0092E852EE873850077B368 /* Resources */ = {
			isa = PBXResourcesBuildPhase;
			buildActionMask = 2147483647;
			files = (
			);
			runOnlyForDeploymentPostprocessing = 0;
		};
		B0FAE6752EDC249B008493F1 /* Resources */ = {
			isa = PBXResourcesBuildPhase;
			buildActionMask = 2147483647;
			files = (
			);
			runOnlyForDeploymentPostprocessing = 0;
		};
/* End PBXResourcesBuildPhase section */

/* Begin PBXSourcesBuildPhase section */
		B0092E832EE873850077B368 /* Sources */ = {
			isa = PBXSourcesBuildPhase;
			buildActionMask = 2147483647;
			files = (
			);
			runOnlyForDeploymentPostprocessing = 0;
		};
		B0FAE6732EDC249B008493F1 /* Sources */ = {
			isa = PBXSourcesBuildPhase;
			buildActionMask = 2147483647;
			files = (
			);
			runOnlyForDeploymentPostprocessing = 0;
		};
/* End PBXSourcesBuildPhase section */

/* Begin PBXTargetDependency section */
		B0092E972EE873AF0077B368 /* PBXTargetDependency */ = {
			isa = PBXTargetDependency;
			platformFilter = ios;
			target = B0092E862EE873850077B368 /* Components */;
			targetProxy = B0092E962EE873AF0077B368 /* PBXContainerItemProxy */;
		};
/* End PBXTargetDependency section */

/* Begin XCBuildConfiguration section */
		B0092E902EE873850077B368 /* Debug */ = {
			isa = XCBuildConfiguration;
			buildSettings = {
				ALLOW_TARGET_PLATFORM_SPECIALIZATION = YES;
				BUILD_LIBRARY_FOR_DISTRIBUTION = YES;
				CODE_SIGN_STYLE = Automatic;
				CURRENT_PROJECT_VERSION = 1;
				DEVELOPMENT_TEAM = KU2QEJ9K3Z;
				DYLIB_COMPATIBILITY_VERSION = 1;
				DYLIB_CURRENT_VERSION = 1;
				DYLIB_INSTALL_NAME_BASE = "@rpath";
				ENABLE_MODULE_VERIFIER = YES;
				GENERATE_INFOPLIST_FILE = YES;
				INFOPLIST_KEY_NSHumanReadableCopyright = "";
				INSTALL_PATH = "$(LOCAL_LIBRARY_DIR)/Frameworks";
				IPHONEOS_DEPLOYMENT_TARGET = 26.1;
				LD_RUNPATH_SEARCH_PATHS = (
					"@executable_path/Frameworks",
					"@loader_path/Frameworks",
				);
				"LD_RUNPATH_SEARCH_PATHS[sdk=macosx*]" = (
					"@executable_path/../Frameworks",
					"@loader_path/Frameworks",
				);
				MACH_O_TYPE = staticlib;
				MACOSX_DEPLOYMENT_TARGET = 26.1;
				MARKETING_VERSION = 1.0;
				MODULE_VERIFIER_SUPPORTED_LANGUAGES = "objective-c objective-c++";
				MODULE_VERIFIER_SUPPORTED_LANGUAGE_STANDARDS = "gnu17 gnu++20";
				PRODUCT_BUNDLE_IDENTIFIER = app.muukii.Components;
				PRODUCT_NAME = "$(TARGET_NAME:c99extidentifier)";
				SDKROOT = auto;
				SKIP_INSTALL = YES;
				STRING_CATALOG_GENERATE_SYMBOLS = YES;
				SUPPORTED_PLATFORMS = "iphoneos iphonesimulator macosx xros xrsimulator";
				SWIFT_APPROACHABLE_CONCURRENCY = YES;
				SWIFT_EMIT_LOC_STRINGS = YES;
				SWIFT_INSTALL_MODULE = YES;
				SWIFT_INSTALL_OBJC_HEADER = NO;
				SWIFT_UPCOMING_FEATURE_MEMBER_IMPORT_VISIBILITY = YES;
				SWIFT_VERSION = 5.0;
				TARGETED_DEVICE_FAMILY = "1,2,7";
				VERSIONING_SYSTEM = "apple-generic";
				VERSION_INFO_PREFIX = "";
				XROS_DEPLOYMENT_TARGET = 26.1;
			};
			name = Debug;
		};
		B0092E912EE873850077B368 /* Release */ = {
			isa = XCBuildConfiguration;
			buildSettings = {
				ALLOW_TARGET_PLATFORM_SPECIALIZATION = YES;
				BUILD_LIBRARY_FOR_DISTRIBUTION = YES;
				CODE_SIGN_STYLE = Automatic;
				CURRENT_PROJECT_VERSION = 1;
				DEVELOPMENT_TEAM = KU2QEJ9K3Z;
				DYLIB_COMPATIBILITY_VERSION = 1;
				DYLIB_CURRENT_VERSION = 1;
				DYLIB_INSTALL_NAME_BASE = "@rpath";
				ENABLE_MODULE_VERIFIER = YES;
				GENERATE_INFOPLIST_FILE = YES;
				INFOPLIST_KEY_NSHumanReadableCopyright = "";
				INSTALL_PATH = "$(LOCAL_LIBRARY_DIR)/Frameworks";
				IPHONEOS_DEPLOYMENT_TARGET = 26.1;
				LD_RUNPATH_SEARCH_PATHS = (
					"@executable_path/Frameworks",
					"@loader_path/Frameworks",
				);
				"LD_RUNPATH_SEARCH_PATHS[sdk=macosx*]" = (
					"@executable_path/../Frameworks",
					"@loader_path/Frameworks",
				);
				MACH_O_TYPE = staticlib;
				MACOSX_DEPLOYMENT_TARGET = 26.1;
				MARKETING_VERSION = 1.0;
				MODULE_VERIFIER_SUPPORTED_LANGUAGES = "objective-c objective-c++";
				MODULE_VERIFIER_SUPPORTED_LANGUAGE_STANDARDS = "gnu17 gnu++20";
				PRODUCT_BUNDLE_IDENTIFIER = app.muukii.Components;
				PRODUCT_NAME = "$(TARGET_NAME:c99extidentifier)";
				SDKROOT = auto;
				SKIP_INSTALL = YES;
				STRING_CATALOG_GENERATE_SYMBOLS = YES;
				SUPPORTED_PLATFORMS = "iphoneos iphonesimulator macosx xros xrsimulator";
				SWIFT_APPROACHABLE_CONCURRENCY = YES;
				SWIFT_EMIT_LOC_STRINGS = YES;
				SWIFT_INSTALL_MODULE = YES;
				SWIFT_INSTALL_OBJC_HEADER = NO;
				SWIFT_UPCOMING_FEATURE_MEMBER_IMPORT_VISIBILITY = YES;
				SWIFT_VERSION = 5.0;
				TARGETED_DEVICE_FAMILY = "1,2,7";
				VERSIONING_SYSTEM = "apple-generic";
				VERSION_INFO_PREFIX = "";
				XROS_DEPLOYMENT_TARGET = 26.1;
			};
			name = Release;
		};
		B0FAE6802EDC249D008493F1 /* Debug */ = {
			isa = XCBuildConfiguration;
			buildSettings = {
				ALWAYS_SEARCH_USER_PATHS = NO;
				ASSETCATALOG_COMPILER_GENERATE_SWIFT_ASSET_SYMBOL_EXTENSIONS = YES;
				CLANG_ANALYZER_NONNULL = YES;
				CLANG_ANALYZER_NUMBER_OBJECT_CONVERSION = YES_AGGRESSIVE;
				CLANG_CXX_LANGUAGE_STANDARD = "gnu++20";
				CLANG_ENABLE_MODULES = YES;
				CLANG_ENABLE_OBJC_ARC = YES;
				CLANG_ENABLE_OBJC_WEAK = YES;
				CLANG_WARN_BLOCK_CAPTURE_AUTORELEASING = YES;
				CLANG_WARN_BOOL_CONVERSION = YES;
				CLANG_WARN_COMMA = YES;
				CLANG_WARN_CONSTANT_CONVERSION = YES;
				CLANG_WARN_DEPRECATED_OBJC_IMPLEMENTATIONS = YES;
				CLANG_WARN_DIRECT_OBJC_ISA_USAGE = YES_ERROR;
				CLANG_WARN_DOCUMENTATION_COMMENTS = YES;
				CLANG_WARN_EMPTY_BODY = YES;
				CLANG_WARN_ENUM_CONVERSION = YES;
				CLANG_WARN_INFINITE_RECURSION = YES;
				CLANG_WARN_INT_CONVERSION = YES;
				CLANG_WARN_NON_LITERAL_NULL_CONVERSION = YES;
				CLANG_WARN_OBJC_IMPLICIT_RETAIN_SELF = YES;
				CLANG_WARN_OBJC_LITERAL_CONVERSION = YES;
				CLANG_WARN_OBJC_ROOT_CLASS = YES_ERROR;
				CLANG_WARN_QUOTED_INCLUDE_IN_FRAMEWORK_HEADER = YES;
				CLANG_WARN_RANGE_LOOP_ANALYSIS = YES;
				CLANG_WARN_STRICT_PROTOTYPES = YES;
				CLANG_WARN_SUSPICIOUS_MOVE = YES;
				CLANG_WARN_UNGUARDED_AVAILABILITY = YES_AGGRESSIVE;
				CLANG_WARN_UNREACHABLE_CODE = YES;
				CLANG_WARN__DUPLICATE_METHOD_MATCH = YES;
				COPY_PHASE_STRIP = NO;
				DEBUG_INFORMATION_FORMAT = dwarf;
				DEVELOPMENT_TEAM = KU2QEJ9K3Z;
				ENABLE_STRICT_OBJC_MSGSEND = YES;
				ENABLE_TESTABILITY = YES;
				ENABLE_USER_SCRIPT_SANDBOXING = YES;
				GCC_C_LANGUAGE_STANDARD = gnu17;
				GCC_DYNAMIC_NO_PIC = NO;
				GCC_NO_COMMON_BLOCKS = YES;
				GCC_OPTIMIZATION_LEVEL = 0;
				GCC_PREPROCESSOR_DEFINITIONS = (
					"DEBUG=1",
					"$(inherited)",
				);
				GCC_WARN_64_TO_32_BIT_CONVERSION = YES;
				GCC_WARN_ABOUT_RETURN_TYPE = YES_ERROR;
				GCC_WARN_UNDECLARED_SELECTOR = YES;
				GCC_WARN_UNINITIALIZED_AUTOS = YES_AGGRESSIVE;
				GCC_WARN_UNUSED_FUNCTION = YES;
				GCC_WARN_UNUSED_VARIABLE = YES;
				LOCALIZATION_PREFERS_STRING_CATALOGS = YES;
				MTL_ENABLE_DEBUG_INFO = INCLUDE_SOURCE;
				MTL_FAST_MATH = YES;
				ONLY_ACTIVE_ARCH = YES;
				SWIFT_ACTIVE_COMPILATION_CONDITIONS = "DEBUG $(inherited)";
				SWIFT_OPTIMIZATION_LEVEL = "-Onone";
				SWIFT_VERSION = 6.0;
			};
			name = Debug;
		};
		B0FAE6812EDC249D008493F1 /* Release */ = {
			isa = XCBuildConfiguration;
			buildSettings = {
				ALWAYS_SEARCH_USER_PATHS = NO;
				ASSETCATALOG_COMPILER_GENERATE_SWIFT_ASSET_SYMBOL_EXTENSIONS = YES;
				CLANG_ANALYZER_NONNULL = YES;
				CLANG_ANALYZER_NUMBER_OBJECT_CONVERSION = YES_AGGRESSIVE;
				CLANG_CXX_LANGUAGE_STANDARD = "gnu++20";
				CLANG_ENABLE_MODULES = YES;
				CLANG_ENABLE_OBJC_ARC = YES;
				CLANG_ENABLE_OBJC_WEAK = YES;
				CLANG_WARN_BLOCK_CAPTURE_AUTORELEASING = YES;
				CLANG_WARN_BOOL_CONVERSION = YES;
				CLANG_WARN_COMMA = YES;
				CLANG_WARN_CONSTANT_CONVERSION = YES;
				CLANG_WARN_DEPRECATED_OBJC_IMPLEMENTATIONS = YES;
				CLANG_WARN_DIRECT_OBJC_ISA_USAGE = YES_ERROR;
				CLANG_WARN_DOCUMENTATION_COMMENTS = YES;
				CLANG_WARN_EMPTY_BODY = YES;
				CLANG_WARN_ENUM_CONVERSION = YES;
				CLANG_WARN_INFINITE_RECURSION = YES;
				CLANG_WARN_INT_CONVERSION = YES;
				CLANG_WARN_NON_LITERAL_NULL_CONVERSION = YES;
				CLANG_WARN_OBJC_IMPLICIT_RETAIN_SELF = YES;
				CLANG_WARN_OBJC_LITERAL_CONVERSION = YES;
				CLANG_WARN_OBJC_ROOT_CLASS = YES_ERROR;
				CLANG_WARN_QUOTED_INCLUDE_IN_FRAMEWORK_HEADER = YES;
				CLANG_WARN_RANGE_LOOP_ANALYSIS = YES;
				CLANG_WARN_STRICT_PROTOTYPES = YES;
				CLANG_WARN_SUSPICIOUS_MOVE = YES;
				CLANG_WARN_UNGUARDED_AVAILABILITY = YES_AGGRESSIVE;
				CLANG_WARN_UNREACHABLE_CODE = YES;
				CLANG_WARN__DUPLICATE_METHOD_MATCH = YES;
				COPY_PHASE_STRIP = NO;
				DEBUG_INFORMATION_FORMAT = "dwarf-with-dsym";
				DEVELOPMENT_TEAM = KU2QEJ9K3Z;
				ENABLE_NS_ASSERTIONS = NO;
				ENABLE_STRICT_OBJC_MSGSEND = YES;
				ENABLE_USER_SCRIPT_SANDBOXING = YES;
				GCC_C_LANGUAGE_STANDARD = gnu17;
				GCC_NO_COMMON_BLOCKS = YES;
				GCC_WARN_64_TO_32_BIT_CONVERSION = YES;
				GCC_WARN_ABOUT_RETURN_TYPE = YES_ERROR;
				GCC_WARN_UNDECLARED_SELECTOR = YES;
				GCC_WARN_UNINITIALIZED_AUTOS = YES_AGGRESSIVE;
				GCC_WARN_UNUSED_FUNCTION = YES;
				GCC_WARN_UNUSED_VARIABLE = YES;
				LOCALIZATION_PREFERS_STRING_CATALOGS = YES;
				MTL_ENABLE_DEBUG_INFO = NO;
				MTL_FAST_MATH = YES;
				SWIFT_COMPILATION_MODE = wholemodule;
				SWIFT_VERSION = 6.0;
			};
			name = Release;
		};
		B0FAE6832EDC249D008493F1 /* Debug */ = {
			isa = XCBuildConfiguration;
			buildSettings = {
				ASSETCATALOG_COMPILER_APPICON_NAME = Verse;
				ASSETCATALOG_COMPILER_GLOBAL_ACCENT_COLOR_NAME = AccentColor;
				CODE_SIGN_ENTITLEMENTS = YouTubeSubtitle/YouTubeSubtitle.entitlements;
				CODE_SIGN_STYLE = Automatic;
				CURRENT_PROJECT_VERSION = 1;
				DEVELOPMENT_TEAM = KU2QEJ9K3Z;
				ENABLE_APP_SANDBOX = YES;
				ENABLE_HARDENED_RUNTIME = YES;
				ENABLE_OUTGOING_NETWORK_CONNECTIONS = YES;
				ENABLE_PREVIEWS = YES;
				ENABLE_USER_SELECTED_FILES = readonly;
				GENERATE_INFOPLIST_FILE = YES;
				INFOPLIST_FILE = Info.plist;
				INFOPLIST_KEY_CFBundleDisplayName = Verse;
				INFOPLIST_KEY_LSApplicationCategoryType = "public.app-category.education";
				INFOPLIST_KEY_NSSpeechRecognitionUsageDescription = "This app uses speech recognition to transcribe audio from downloaded videos into subtitles.";
				"INFOPLIST_KEY_UIApplicationSceneManifest_Generation[sdk=iphoneos*]" = YES;
				"INFOPLIST_KEY_UIApplicationSceneManifest_Generation[sdk=iphonesimulator*]" = YES;
				"INFOPLIST_KEY_UIApplicationSupportsIndirectInputEvents[sdk=iphoneos*]" = YES;
				"INFOPLIST_KEY_UIApplicationSupportsIndirectInputEvents[sdk=iphonesimulator*]" = YES;
				"INFOPLIST_KEY_UIBackgroundModes[sdk=iphoneos*]" = audio;
				"INFOPLIST_KEY_UIBackgroundModes[sdk=iphonesimulator*]" = audio;
				"INFOPLIST_KEY_UILaunchScreen_Generation[sdk=iphoneos*]" = YES;
				"INFOPLIST_KEY_UILaunchScreen_Generation[sdk=iphonesimulator*]" = YES;
				"INFOPLIST_KEY_UIStatusBarStyle[sdk=iphoneos*]" = UIStatusBarStyleDefault;
				"INFOPLIST_KEY_UIStatusBarStyle[sdk=iphonesimulator*]" = UIStatusBarStyleDefault;
				INFOPLIST_KEY_UISupportedInterfaceOrientations = UIInterfaceOrientationPortrait;
				INFOPLIST_KEY_UISupportedInterfaceOrientations_iPad = "UIInterfaceOrientationLandscapeLeft UIInterfaceOrientationLandscapeRight UIInterfaceOrientationPortrait UIInterfaceOrientationPortraitUpsideDown";
				IPHONEOS_DEPLOYMENT_TARGET = 26.1;
				LD_RUNPATH_SEARCH_PATHS = "@executable_path/Frameworks";
				"LD_RUNPATH_SEARCH_PATHS[sdk=macosx*]" = "@executable_path/../Frameworks";
				MACOSX_DEPLOYMENT_TARGET = 26.1;
				MARKETING_VERSION = 5.0.0;
				PRODUCT_BUNDLE_IDENTIFIER = app.muukii.verse;
				PRODUCT_NAME = "$(TARGET_NAME)";
				REGISTER_APP_GROUPS = YES;
				SDKROOT = auto;
				STRING_CATALOG_GENERATE_SYMBOLS = YES;
				SUPPORTED_PLATFORMS = "iphoneos iphonesimulator";
				SUPPORTS_MACCATALYST = NO;
				SUPPORTS_MAC_DESIGNED_FOR_IPHONE_IPAD = YES;
				SWIFT_APPROACHABLE_CONCURRENCY = YES;
				SWIFT_DEFAULT_ACTOR_ISOLATION = MainActor;
				SWIFT_EMIT_LOC_STRINGS = YES;
				SWIFT_UPCOMING_FEATURE_EXISTENTIAL_ANY = YES;
				SWIFT_UPCOMING_FEATURE_MEMBER_IMPORT_VISIBILITY = YES;
				TARGETED_DEVICE_FAMILY = 1;
				XROS_DEPLOYMENT_TARGET = 26.1;
			};
			name = Debug;
		};
		B0FAE6842EDC249D008493F1 /* Release */ = {
			isa = XCBuildConfiguration;
			buildSettings = {
				ASSETCATALOG_COMPILER_APPICON_NAME = Verse;
				ASSETCATALOG_COMPILER_GLOBAL_ACCENT_COLOR_NAME = AccentColor;
				CODE_SIGN_ENTITLEMENTS = YouTubeSubtitle/YouTubeSubtitle.entitlements;
				CODE_SIGN_STYLE = Automatic;
				CURRENT_PROJECT_VERSION = 1;
				DEVELOPMENT_TEAM = KU2QEJ9K3Z;
				ENABLE_APP_SANDBOX = YES;
				ENABLE_HARDENED_RUNTIME = YES;
				ENABLE_PREVIEWS = YES;
				ENABLE_USER_SELECTED_FILES = readonly;
				GENERATE_INFOPLIST_FILE = YES;
				INFOPLIST_FILE = Info.plist;
				INFOPLIST_KEY_CFBundleDisplayName = Verse;
				INFOPLIST_KEY_LSApplicationCategoryType = "public.app-category.education";
				INFOPLIST_KEY_NSSpeechRecognitionUsageDescription = "This app uses speech recognition to transcribe audio from downloaded videos into subtitles.";
				"INFOPLIST_KEY_UIApplicationSceneManifest_Generation[sdk=iphoneos*]" = YES;
				"INFOPLIST_KEY_UIApplicationSceneManifest_Generation[sdk=iphonesimulator*]" = YES;
				"INFOPLIST_KEY_UIApplicationSupportsIndirectInputEvents[sdk=iphoneos*]" = YES;
				"INFOPLIST_KEY_UIApplicationSupportsIndirectInputEvents[sdk=iphonesimulator*]" = YES;
				"INFOPLIST_KEY_UIBackgroundModes[sdk=iphoneos*]" = audio;
				"INFOPLIST_KEY_UIBackgroundModes[sdk=iphonesimulator*]" = audio;
				"INFOPLIST_KEY_UILaunchScreen_Generation[sdk=iphoneos*]" = YES;
				"INFOPLIST_KEY_UILaunchScreen_Generation[sdk=iphonesimulator*]" = YES;
				"INFOPLIST_KEY_UIStatusBarStyle[sdk=iphoneos*]" = UIStatusBarStyleDefault;
				"INFOPLIST_KEY_UIStatusBarStyle[sdk=iphonesimulator*]" = UIStatusBarStyleDefault;
				INFOPLIST_KEY_UISupportedInterfaceOrientations = UIInterfaceOrientationPortrait;
				INFOPLIST_KEY_UISupportedInterfaceOrientations_iPad = "UIInterfaceOrientationLandscapeLeft UIInterfaceOrientationLandscapeRight UIInterfaceOrientationPortrait UIInterfaceOrientationPortraitUpsideDown";
				IPHONEOS_DEPLOYMENT_TARGET = 26.1;
				LD_RUNPATH_SEARCH_PATHS = "@executable_path/Frameworks";
				"LD_RUNPATH_SEARCH_PATHS[sdk=macosx*]" = "@executable_path/../Frameworks";
				MACOSX_DEPLOYMENT_TARGET = 26.1;
				MARKETING_VERSION = 5.0.0;
				PRODUCT_BUNDLE_IDENTIFIER = app.muukii.verse;
				PRODUCT_NAME = "$(TARGET_NAME)";
				REGISTER_APP_GROUPS = YES;
				SDKROOT = auto;
				STRING_CATALOG_GENERATE_SYMBOLS = YES;
				SUPPORTED_PLATFORMS = "iphoneos iphonesimulator";
				SUPPORTS_MACCATALYST = NO;
				SUPPORTS_MAC_DESIGNED_FOR_IPHONE_IPAD = YES;
				SWIFT_APPROACHABLE_CONCURRENCY = YES;
				SWIFT_DEFAULT_ACTOR_ISOLATION = MainActor;
				SWIFT_EMIT_LOC_STRINGS = YES;
				SWIFT_UPCOMING_FEATURE_EXISTENTIAL_ANY = YES;
				SWIFT_UPCOMING_FEATURE_MEMBER_IMPORT_VISIBILITY = YES;
				TARGETED_DEVICE_FAMILY = 1;
				XROS_DEPLOYMENT_TARGET = 26.1;
			};
			name = Release;
		};
/* End XCBuildConfiguration section */

/* Begin XCConfigurationList section */
		B0092E8F2EE873850077B368 /* Build configuration list for PBXNativeTarget "Components" */ = {
			isa = XCConfigurationList;
			buildConfigurations = (
				B0092E902EE873850077B368 /* Debug */,
				B0092E912EE873850077B368 /* Release */,
			);
			defaultConfigurationIsVisible = 0;
			defaultConfigurationName = Release;
		};
		B0FAE6722EDC249B008493F1 /* Build configuration list for PBXProject "Verse" */ = {
			isa = XCConfigurationList;
			buildConfigurations = (
				B0FAE6802EDC249D008493F1 /* Debug */,
				B0FAE6812EDC249D008493F1 /* Release */,
			);
			defaultConfigurationIsVisible = 0;
			defaultConfigurationName = Release;
		};
		B0FAE6822EDC249D008493F1 /* Build configuration list for PBXNativeTarget "Verse" */ = {
			isa = XCConfigurationList;
			buildConfigurations = (
				B0FAE6832EDC249D008493F1 /* Debug */,
				B0FAE6842EDC249D008493F1 /* Release */,
			);
			defaultConfigurationIsVisible = 0;
			defaultConfigurationName = Release;
		};
/* End XCConfigurationList section */

/* Begin XCRemoteSwiftPackageReference section */
		B0091B482EE825DF0077B368 /* XCRemoteSwiftPackageReference "swift-state-graph" */ = {
			isa = XCRemoteSwiftPackageReference;
			repositoryURL = "https://github.com/VergeGroup/swift-state-graph.git";
			requirement = {
				kind = upToNextMajorVersion;
				minimumVersion = 0.16.0;
			};
		};
		B00C03172EE47DEF00FA7361 /* XCRemoteSwiftPackageReference "swiftui-async-multiplex-image" */ = {
			isa = XCRemoteSwiftPackageReference;
			repositoryURL = "https://github.com/FluidGroup/swiftui-async-multiplex-image.git";
			requirement = {
				kind = upToNextMajorVersion;
				minimumVersion = 1.0.0;
			};
		};
		B00CF0AF2EE43A3700FA7361 /* XCRemoteSwiftPackageReference "swift-typed-identifier" */ = {
			isa = XCRemoteSwiftPackageReference;
			repositoryURL = "https://github.com/VergeGroup/swift-typed-identifier.git";
			requirement = {
				kind = upToNextMajorVersion;
				minimumVersion = 2.0.4;
			};
		};
		B07A2DA32EE42AE800E05A39 /* XCRemoteSwiftPackageReference "swiftui-ring-slider" */ = {
			isa = XCRemoteSwiftPackageReference;
			repositoryURL = "https://github.com/FluidGroup/swiftui-ring-slider";
			requirement = {
				kind = upToNextMajorVersion;
				minimumVersion = 0.2.0;
			};
		};
		B09F54442EFA74EA005C59D3 /* XCRemoteSwiftPackageReference "swift-algorithms" */ = {
			isa = XCRemoteSwiftPackageReference;
			repositoryURL = "https://github.com/apple/swift-algorithms.git";
			requirement = {
				kind = upToNextMajorVersion;
				minimumVersion = 1.2.1;
			};
		};
		B0FAE6872EDC2500008493F1 /* XCRemoteSwiftPackageReference "YouTubeKit" */ = {
			isa = XCRemoteSwiftPackageReference;
			repositoryURL = "https://github.com/alexeichhorn/YouTubeKit";
			requirement = {
				kind = upToNextMajorVersion;
				minimumVersion = 0.4.0;
			};
		};
		B0FAE6882EDC2600008493F1 /* XCRemoteSwiftPackageReference "YouTubePlayerKit" */ = {
			isa = XCRemoteSwiftPackageReference;
			repositoryURL = "https://github.com/SvenTiigi/YouTubePlayerKit";
			requirement = {
				kind = upToNextMajorVersion;
				minimumVersion = 1.0.0;
			};
		};
		B0FAE68D2EDC3000008493F1 /* XCRemoteSwiftPackageReference "swift-youtube-transcript" */ = {
			isa = XCRemoteSwiftPackageReference;
			repositoryURL = "https://github.com/spaceman1412/swift-youtube-transcript";
			requirement = {
				kind = upToNextMajorVersion;
				minimumVersion = 1.0.0;
			};
		};
		B0FAE6932EDC5000008493F1 /* XCRemoteSwiftPackageReference "swiftui-object-edge" */ = {
			isa = XCRemoteSwiftPackageReference;
			repositoryURL = "https://github.com/FluidGroup/swiftui-object-edge";
			requirement = {
				kind = upToNextMajorVersion;
				minimumVersion = 1.0.0;
			};
		};
/* End XCRemoteSwiftPackageReference section */

/* Begin XCSwiftPackageProductDependency section */
		B0091B492EE825DF0077B368 /* StateGraph */ = {
			isa = XCSwiftPackageProductDependency;
			package = B0091B482EE825DF0077B368 /* XCRemoteSwiftPackageReference "swift-state-graph" */;
			productName = StateGraph;
		};
		B00C03182EE47DEF00FA7361 /* AsyncMultiplexImage */ = {
			isa = XCSwiftPackageProductDependency;
			package = B00C03172EE47DEF00FA7361 /* XCRemoteSwiftPackageReference "swiftui-async-multiplex-image" */;
			productName = AsyncMultiplexImage;
		};
		B00C031A2EE47DEF00FA7361 /* AsyncMultiplexImage-Nuke */ = {
			isa = XCSwiftPackageProductDependency;
			package = B00C03172EE47DEF00FA7361 /* XCRemoteSwiftPackageReference "swiftui-async-multiplex-image" */;
			productName = "AsyncMultiplexImage-Nuke";
		};
		B00CF0B02EE43A3700FA7361 /* TypedIdentifier */ = {
			isa = XCSwiftPackageProductDependency;
			package = B00CF0AF2EE43A3700FA7361 /* XCRemoteSwiftPackageReference "swift-typed-identifier" */;
			productName = TypedIdentifier;
		};
		B07A2DA42EE42AE800E05A39 /* SwiftUIRingSlider */ = {
			isa = XCSwiftPackageProductDependency;
			package = B07A2DA32EE42AE800E05A39 /* XCRemoteSwiftPackageReference "swiftui-ring-slider" */;
			productName = SwiftUIRingSlider;
		};
		B09F54452EFA74EA005C59D3 /* Algorithms */ = {
			isa = XCSwiftPackageProductDependency;
			package = B09F54442EFA74EA005C59D3 /* XCRemoteSwiftPackageReference "swift-algorithms" */;
			productName = Algorithms;
		};
		B0FAE6852EDC2500008493F1 /* YouTubeKit */ = {
			isa = XCSwiftPackageProductDependency;
			package = B0FAE6872EDC2500008493F1 /* XCRemoteSwiftPackageReference "YouTubeKit" */;
			productName = YouTubeKit;
		};
		B0FAE6892EDC2600008493F1 /* YouTubePlayerKit */ = {
			isa = XCSwiftPackageProductDependency;
			package = B0FAE6882EDC2600008493F1 /* XCRemoteSwiftPackageReference "YouTubePlayerKit" */;
			productName = YouTubePlayerKit;
		};
		B0FAE68B2EDC3000008493F1 /* YoutubeTranscript */ = {
			isa = XCSwiftPackageProductDependency;
			package = B0FAE68D2EDC3000008493F1 /* XCRemoteSwiftPackageReference "swift-youtube-transcript" */;
			productName = YoutubeTranscript;
		};
		B0FAE6922EDC5000008493F1 /* ObjectEdge */ = {
			isa = XCSwiftPackageProductDependency;
			package = B0FAE6932EDC5000008493F1 /* XCRemoteSwiftPackageReference "swiftui-object-edge" */;
			productName = ObjectEdge;
		};
/* End XCSwiftPackageProductDependency section */
	};
	rootObject = B0FAE66F2EDC249B008493F1 /* Project object */;
}
