{
  "originHash" : "88b74a9ca4a1d3c75b7da9b2a42a779c5af6fa85ed4b6973609f08143e3a4151",
  "pins" : [
    {
      "identity" : "swift-youtube-transcript",
      "kind" : "remoteSourceControl",
      "location" : "https://github.com/spaceman1412/swift-youtube-transcript",
      "state" : {
        "revision" : "e6fb610ee78d5dff8c8c81589875d43cbc9ef856",
        "version" : "1.0.0"
      }
    },
    {
      "identity" : "youtubekit",
      "kind" : "remoteSourceControl",
      "location" : "https://github.com/alexeichhorn/YouTubeKit",
      "state" : {
        "revision" : "481c8e3a924ccad893197bdc4577424fae952853",
        "version" : "0.4.0"
      }
    },
    {
      "identity" : "youtubeplayerkit",
      "kind" : "remoteSourceControl",
      "location" : "https://github.com/SvenTiigi/YouTubePlayerKit",
      "state" : {
        "revision" : "fe1c1ec340f6d79866131432ecaa190fd6bbc4cb",
        "version" : "1.9.0"
      }
    }
  ],
  "version" : 3
}
