{
  "originHash" : "cdfa1c4c3184adffbdc3f87ee406837189e84d1e77486ffbcb28fd9bcbc33d35",
  "pins" : [
    {
      "identity" : "dsfregex",
      "kind" : "remoteSourceControl",
      "location" : "https://github.com/dagronf/DSFRegex",
      "state" : {
        "revision" : "e0e64805519b23b08dcca9c83ca2d4a2b3de4c33",
        "version" : "3.4.0"
      }
    },
    {
      "identity" : "swift-youtube-transcript",
      "kind" : "remoteSourceControl",
      "location" : "https://github.com/spaceman1412/swift-youtube-transcript",
      "state" : {
        "revision" : "e6fb610ee78d5dff8c8c81589875d43cbc9ef856",
        "version" : "1.0.0"
      }
    },
    {
      "identity" : "swiftsubtitles",
      "kind" : "remoteSourceControl",
      "location" : "https://github.com/dagronf/SwiftSubtitles",
      "state" : {
        "revision" : "2c3d282cda97ce49adb196700404d8e46df9778c",
        "version" : "1.9.0"
      }
    },
    {
      "identity" : "swiftui-touch-slider",
      "kind" : "remoteSourceControl",
      "location" : "https://github.com/FluidGroup/swiftui-touch-slider",
      "state" : {
        "revision" : "e6487e8ee1259fa48def4d904aff539822429f6d",
        "version" : "0.1.0"
      }
    },
    {
      "identity" : "tinycsv",
      "kind" : "remoteSourceControl",
      "location" : "https://github.com/dagronf/TinyCSV",
      "state" : {
        "revision" : "05d691ee7bab64f5ff075b97f47ef41d36a81f6f",
        "version" : "1.0.1"
      }
    },
    {
      "identity" : "youtubekit",
      "kind" : "remoteSourceControl",
      "location" : "https://github.com/alexeichhorn/YouTubeKit",
      "state" : {
        "revision" : "481c8e3a924ccad893197bdc4577424fae952853",
        "version" : "0.4.0"
      }
    },
    {
      "identity" : "youtubeplayerkit",
      "kind" : "remoteSourceControl",
      "location" : "https://github.com/SvenTiigi/YouTubePlayerKit",
      "state" : {
        "revision" : "fe1c1ec340f6d79866131432ecaa190fd6bbc4cb",
        "version" : "1.9.0"
      }
    }
  ],
  "version" : 3
}
